
Microsoft Visual Studio Solution File, Format Version 12.00
# Visual Studio Version 16
VisualStudioVersion = 16.0.30523.141
MinimumVisualStudioVersion = 10.0.40219.1
Project("{9A19103F-16F7-4668-BE54-9A1E7A4F7556}") = "YAddress Web API .NET Client", "YAddress Web API .NET Client\YAddress Web API .NET Client.csproj", "{B97DF12B-E7E9-4DD8-A1D3-C14E3E1BDAC7}"
EndProject
Project("{FAE04EC0-301F-11D3-BF4B-00C04F79EFBC}") = "TestApp", "TestApp\TestApp.csproj", "{9EA1B440-5F86-4BE5-AC8F-F3C470BCC27F}"
EndProject
Global
	GlobalSection(SolutionConfigurationPlatforms) = preSolution
		Debug|Any CPU = Debug|Any CPU
		Release|Any CPU = Release|Any CPU
	EndGlobalSection
	GlobalSection(ProjectConfigurationPlatforms) = postSolution
		{B97DF12B-E7E9-4DD8-A1D3-C14E3E1BDAC7}.Debug|Any CPU.ActiveCfg = Debug|Any CPU
		{B97DF12B-E7E9-4DD8-A1D3-C14E3E1BDAC7}.Debug|Any CPU.Build.0 = Debug|Any CPU
		{B97DF12B-E7E9-4DD8-A1D3-C14E3E1BDAC7}.Release|Any CPU.ActiveCfg = Release|Any CPU
		{B97DF12B-E7E9-4DD8-A1D3-C14E3E1BDAC7}.Release|Any CPU.Build.0 = Release|Any CPU
		{9EA1B440-5F86-4BE5-AC8F-F3C470BCC27F}.Debug|Any CPU.ActiveCfg = Debug|Any CPU
		{9EA1B440-5F86-4BE5-AC8F-F3C470BCC27F}.Debug|Any CPU.Build.0 = Debug|Any CPU
		{9EA1B440-5F86-4BE5-AC8F-F3C470BCC27F}.Release|Any CPU.ActiveCfg = Release|Any CPU
		{9EA1B440-5F86-4BE5-AC8F-F3C470BCC27F}.Release|Any CPU.Build.0 = Release|Any CPU
	EndGlobalSection
	GlobalSection(SolutionProperties) = preSolution
		HideSolutionNode = FALSE
	EndGlobalSection
	GlobalSection(ExtensibilityGlobals) = postSolution
		SolutionGuid = {4E2D7AD4-DFCE-40C2-9B08-9F6ED3F99730}
	EndGlobalSection
EndGlobal
